
Microsoft Visual Studio Solution File, Format Version 12.00
# Visual Studio Version 17
VisualStudioVersion = 17.2.32602.215
MinimumVisualStudioVersion = 10.0.40219.1
Project("{9A19103F-16F7-4668-BE54-9A1E7A4F7556}") = "Product", "WebApplication2\Product.csproj", "{06068499-C843-4874-AE45-E3A4635BD4DC}"
EndProject
Project("{FAE04EC0-301F-11D3-BF4B-00C04F79EFBC}") = "Product.Test", "Product.Test\Product.Test.csproj", "{2B984F5D-B505-430A-B24B-63271BD1F6F7}"
EndProject
Global
	GlobalSection(SolutionConfigurationPlatforms) = preSolution
		Debug|Any CPU = Debug|Any CPU
		Release|Any CPU = Release|Any CPU
	EndGlobalSection
	GlobalSection(ProjectConfigurationPlatforms) = postSolution
		{06068499-C843-4874-AE45-E3A4635BD4DC}.Debug|Any CPU.ActiveCfg = Debug|Any CPU
		{06068499-C843-4874-AE45-E3A4635BD4DC}.Debug|Any CPU.Build.0 = Debug|Any CPU
		{06068499-C843-4874-AE45-E3A4635BD4DC}.Release|Any CPU.ActiveCfg = Release|Any CPU
		{06068499-C843-4874-AE45-E3A4635BD4DC}.Release|Any CPU.Build.0 = Release|Any CPU
		{2B984F5D-B505-430A-B24B-63271BD1F6F7}.Debug|Any CPU.ActiveCfg = Debug|Any CPU
		{2B984F5D-B505-430A-B24B-63271BD1F6F7}.Debug|Any CPU.Build.0 = Debug|Any CPU
		{2B984F5D-B505-430A-B24B-63271BD1F6F7}.Release|Any CPU.ActiveCfg = Release|Any CPU
		{2B984F5D-B505-430A-B24B-63271BD1F6F7}.Release|Any CPU.Build.0 = Release|Any CPU
	EndGlobalSection
	GlobalSection(SolutionProperties) = preSolution
		HideSolutionNode = FALSE
	EndGlobalSection
	GlobalSection(ExtensibilityGlobals) = postSolution
		SolutionGuid = {C7E33444-9FF8-4E8B-A1CC-AC2E461443B2}
	EndGlobalSection
EndGlobal
